// !$*UTF8*$!
{
	archiveVersion = 1;
	classes = {
	};
	objectVersion = 56;
	objects = {

/* Begin PBXBuildFile section */
		E718739C2A39FBC200F9C49E /* AppDelegate.swift in Sources */ = {isa = PBXBuildFile; fileRef = E718739B2A39FBC200F9C49E /* AppDelegate.swift */; };
		E718739E2A39FBC200F9C49E /* SceneDelegate.swift in Sources */ = {isa = PBXBuildFile; fileRef = E718739D2A39FBC200F9C49E /* SceneDelegate.swift */; };
		E71873A52A39FBC300F9C49E /* Assets.xcassets in Resources */ = {isa = PBXBuildFile; fileRef = E71873A42A39FBC300F9C49E /* Assets.xcassets */; };
		E71873A82A39FBC300F9C49E /* LaunchScreen.storyboard in Resources */ = {isa = PBXBuildFile; fileRef = E71873A62A39FBC300F9C49E /* LaunchScreen.storyboard */; };
		E71873D02A3A149E00F9C49E /* NetworkManager.swift in Sources */ = {isa = PBXBuildFile; fileRef = E71873CF2A3A149E00F9C49E /* NetworkManager.swift */; };
		E71873D22A3A151300F9C49E /* ViewControllerProtocols.swift in Sources */ = {isa = PBXBuildFile; fileRef = E71873D12A3A151300F9C49E /* ViewControllerProtocols.swift */; };
		E71873D42A3F534F00F9C49E /* ImageGifs.swift in Sources */ = {isa = PBXBuildFile; fileRef = E71873D32A3F534F00F9C49E /* ImageGifs.swift */; };
		E71873D62A4197CE00F9C49E /* AnimalCell.swift in Sources */ = {isa = PBXBuildFile; fileRef = E71873D52A4197CE00F9C49E /* AnimalCell.swift */; };
		E71873D82A435FF100F9C49E /* OneImageVC.swift in Sources */ = {isa = PBXBuildFile; fileRef = E71873D72A435FF100F9C49E /* OneImageVC.swift */; };
		E71FAFDE2AD5B945003898C0 /* View.swift in Sources */ = {isa = PBXBuildFile; fileRef = E71FAFDD2AD5B945003898C0 /* View.swift */; };
		E733858E2AAA3902001B8858 /* TabBar.swift in Sources */ = {isa = PBXBuildFile; fileRef = E733858D2AAA3902001B8858 /* TabBar.swift */; };
		E73385942AAA4DC7001B8858 /* NewImageVC.swift in Sources */ = {isa = PBXBuildFile; fileRef = E73385932AAA4DC7001B8858 /* NewImageVC.swift */; };
		E73385992AAA4E1F001B8858 /* ProfileVC.swift in Sources */ = {isa = PBXBuildFile; fileRef = E73385982AAA4E1F001B8858 /* ProfileVC.swift */; };
		E73385AA2AAB08AD001B8858 /* AnimalModel.swift in Sources */ = {isa = PBXBuildFile; fileRef = E73385A92AAB08AD001B8858 /* AnimalModel.swift */; };
		E73385AC2AAB9B19001B8858 /* NavController.swift in Sources */ = {isa = PBXBuildFile; fileRef = E73385AB2AAB9B19001B8858 /* NavController.swift */; };
		E73385AE2AAF4061001B8858 /* CustomColors.swift in Sources */ = {isa = PBXBuildFile; fileRef = E73385AD2AAF4061001B8858 /* CustomColors.swift */; };
		E73385B42AB06A3E001B8858 /* Erorrs.swift in Sources */ = {isa = PBXBuildFile; fileRef = E73385B32AB06A3E001B8858 /* Erorrs.swift */; };
		E745EE632AB34394008246B7 /* MainVC.swift in Sources */ = {isa = PBXBuildFile; fileRef = E745EE622AB34394008246B7 /* MainVC.swift */; };
		E745EE652AB47562008246B7 /* LikeManager.swift in Sources */ = {isa = PBXBuildFile; fileRef = E745EE642AB47562008246B7 /* LikeManager.swift */; };
		E745EE682AB476BA008246B7 /* Model.xcdatamodeld in Sources */ = {isa = PBXBuildFile; fileRef = E745EE662AB476BA008246B7 /* Model.xcdatamodeld */; };
		E7F8ADA62AB9E0C900FF9148 /* ProfileManager.swift in Sources */ = {isa = PBXBuildFile; fileRef = E7F8ADA52AB9E0C900FF9148 /* ProfileManager.swift */; };
		E7F8ADA82ABB72F400FF9148 /* TextField.swift in Sources */ = {isa = PBXBuildFile; fileRef = E7F8ADA72ABB72F400FF9148 /* TextField.swift */; };
		E7F8ADAA2ABB745100FF9148 /* ImageView.swift in Sources */ = {isa = PBXBuildFile; fileRef = E7F8ADA92ABB745100FF9148 /* ImageView.swift */; };
		E7F8ADAC2ABB78F000FF9148 /* ProfileInfoView.swift in Sources */ = {isa = PBXBuildFile; fileRef = E7F8ADAB2ABB78F000FF9148 /* ProfileInfoView.swift */; };
		E7F8ADAE2ABCCE2600FF9148 /* Label.swift in Sources */ = {isa = PBXBuildFile; fileRef = E7F8ADAD2ABCCE2600FF9148 /* Label.swift */; };
		E7F8ADB02ABCCF4300FF9148 /* SegmentControl.swift in Sources */ = {isa = PBXBuildFile; fileRef = E7F8ADAF2ABCCF4300FF9148 /* SegmentControl.swift */; };
		E7F8ADB22ABCD0F200FF9148 /* TableView.swift in Sources */ = {isa = PBXBuildFile; fileRef = E7F8ADB12ABCD0F200FF9148 /* TableView.swift */; };
		E7F8ADB62ABDC62000FF9148 /* Button.swift in Sources */ = {isa = PBXBuildFile; fileRef = E7F8ADB52ABDC62000FF9148 /* Button.swift */; };
/* End PBXBuildFile section */

/* Begin PBXFileReference section */
		E71873982A39FBC200F9C49E /* AnimalCaretaker.app */ = {isa = PBXFileReference; explicitFileType = wrapper.application; includeInIndex = 0; path = AnimalCaretaker.app; sourceTree = BUILT_PRODUCTS_DIR; };
		E718739B2A39FBC200F9C49E /* AppDelegate.swift */ = {isa = PBXFileReference; lastKnownFileType = sourcecode.swift; path = AppDelegate.swift; sourceTree = "<group>"; };
		E718739D2A39FBC200F9C49E /* SceneDelegate.swift */ = {isa = PBXFileReference; lastKnownFileType = sourcecode.swift; path = SceneDelegate.swift; sourceTree = "<group>"; };
		E71873A42A39FBC300F9C49E /* Assets.xcassets */ = {isa = PBXFileReference; lastKnownFileType = folder.assetcatalog; path = Assets.xcassets; sourceTree = "<group>"; };
		E71873A72A39FBC300F9C49E /* Base */ = {isa = PBXFileReference; lastKnownFileType = file.storyboard; name = Base; path = Base.lproj/LaunchScreen.storyboard; sourceTree = "<group>"; };
		E71873A92A39FBC300F9C49E /* Info.plist */ = {isa = PBXFileReference; lastKnownFileType = text.plist.xml; path = Info.plist; sourceTree = "<group>"; };
		E71873CF2A3A149E00F9C49E /* NetworkManager.swift */ = {isa = PBXFileReference; lastKnownFileType = sourcecode.swift; path = NetworkManager.swift; sourceTree = "<group>"; };
		E71873D12A3A151300F9C49E /* ViewControllerProtocols.swift */ = {isa = PBXFileReference; lastKnownFileType = sourcecode.swift; path = ViewControllerProtocols.swift; sourceTree = "<group>"; };
		E71873D32A3F534F00F9C49E /* ImageGifs.swift */ = {isa = PBXFileReference; lastKnownFileType = sourcecode.swift; path = ImageGifs.swift; sourceTree = "<group>"; };
		E71873D52A4197CE00F9C49E /* AnimalCell.swift */ = {isa = PBXFileReference; lastKnownFileType = sourcecode.swift; path = AnimalCell.swift; sourceTree = "<group>"; };
		E71873D72A435FF100F9C49E /* OneImageVC.swift */ = {isa = PBXFileReference; lastKnownFileType = sourcecode.swift; path = OneImageVC.swift; sourceTree = "<group>"; };
		E71FAFDD2AD5B945003898C0 /* View.swift */ = {isa = PBXFileReference; lastKnownFileType = sourcecode.swift; path = View.swift; sourceTree = "<group>"; };
		E733858D2AAA3902001B8858 /* TabBar.swift */ = {isa = PBXFileReference; lastKnownFileType = sourcecode.swift; path = TabBar.swift; sourceTree = "<group>"; };
		E73385932AAA4DC7001B8858 /* NewImageVC.swift */ = {isa = PBXFileReference; lastKnownFileType = sourcecode.swift; path = NewImageVC.swift; sourceTree = "<group>"; };
		E73385982AAA4E1F001B8858 /* ProfileVC.swift */ = {isa = PBXFileReference; lastKnownFileType = sourcecode.swift; path = ProfileVC.swift; sourceTree = "<group>"; };
		E73385A92AAB08AD001B8858 /* AnimalModel.swift */ = {isa = PBXFileReference; lastKnownFileType = sourcecode.swift; path = AnimalModel.swift; sourceTree = "<group>"; };
		E73385AB2AAB9B19001B8858 /* NavController.swift */ = {isa = PBXFileReference; lastKnownFileType = sourcecode.swift; path = NavController.swift; sourceTree = "<group>"; };
		E73385AD2AAF4061001B8858 /* CustomColors.swift */ = {isa = PBXFileReference; lastKnownFileType = sourcecode.swift; path = CustomColors.swift; sourceTree = "<group>"; };
		E73385B32AB06A3E001B8858 /* Erorrs.swift */ = {isa = PBXFileReference; lastKnownFileType = sourcecode.swift; path = Erorrs.swift; sourceTree = "<group>"; };
		E745EE622AB34394008246B7 /* MainVC.swift */ = {isa = PBXFileReference; lastKnownFileType = sourcecode.swift; path = MainVC.swift; sourceTree = "<group>"; };
		E745EE642AB47562008246B7 /* LikeManager.swift */ = {isa = PBXFileReference; lastKnownFileType = sourcecode.swift; path = LikeManager.swift; sourceTree = "<group>"; };
		E745EE672AB476BA008246B7 /* Model.xcdatamodel */ = {isa = PBXFileReference; lastKnownFileType = wrapper.xcdatamodel; path = Model.xcdatamodel; sourceTree = "<group>"; };
		E7F8ADA52AB9E0C900FF9148 /* ProfileManager.swift */ = {isa = PBXFileReference; lastKnownFileType = sourcecode.swift; path = ProfileManager.swift; sourceTree = "<group>"; };
		E7F8ADA72ABB72F400FF9148 /* TextField.swift */ = {isa = PBXFileReference; lastKnownFileType = sourcecode.swift; path = TextField.swift; sourceTree = "<group>"; };
		E7F8ADA92ABB745100FF9148 /* ImageView.swift */ = {isa = PBXFileReference; lastKnownFileType = sourcecode.swift; path = ImageView.swift; sourceTree = "<group>"; };
		E7F8ADAB2ABB78F000FF9148 /* ProfileInfoView.swift */ = {isa = PBXFileReference; lastKnownFileType = sourcecode.swift; path = ProfileInfoView.swift; sourceTree = "<group>"; };
		E7F8ADAD2ABCCE2600FF9148 /* Label.swift */ = {isa = PBXFileReference; lastKnownFileType = sourcecode.swift; path = Label.swift; sourceTree = "<group>"; };
		E7F8ADAF2ABCCF4300FF9148 /* SegmentControl.swift */ = {isa = PBXFileReference; lastKnownFileType = sourcecode.swift; path = SegmentControl.swift; sourceTree = "<group>"; };
		E7F8ADB12ABCD0F200FF9148 /* TableView.swift */ = {isa = PBXFileReference; lastKnownFileType = sourcecode.swift; path = TableView.swift; sourceTree = "<group>"; };
		E7F8ADB52ABDC62000FF9148 /* Button.swift */ = {isa = PBXFileReference; lastKnownFileType = sourcecode.swift; path = Button.swift; sourceTree = "<group>"; };
/* End PBXFileReference section */

/* Begin PBXFrameworksBuildPhase section */
		E71873952A39FBC200F9C49E /* Frameworks */ = {
			isa = PBXFrameworksBuildPhase;
			buildActionMask = 2147483647;
			files = (
			);
			runOnlyForDeploymentPostprocessing = 0;
		};
/* End PBXFrameworksBuildPhase section */

/* Begin PBXGroup section */
		E718738F2A39FBC200F9C49E = {
			isa = PBXGroup;
			children = (
				E718739A2A39FBC200F9C49E /* AnimalCaretaker */,
				E71873992A39FBC200F9C49E /* Products */,
			);
			sourceTree = "<group>";
		};
		E71873992A39FBC200F9C49E /* Products */ = {
			isa = PBXGroup;
			children = (
				E71873982A39FBC200F9C49E /* AnimalCaretaker.app */,
			);
			name = Products;
			sourceTree = "<group>";
		};
		E718739A2A39FBC200F9C49E /* AnimalCaretaker */ = {
			isa = PBXGroup;
			children = (
				E73385892AAA3696001B8858 /* Application */,
				E73385882AAA3684001B8858 /* Screens */,
				E733858C2AAA3858001B8858 /* Service */,
				E733858A2AAA36BA001B8858 /* UIConstants */,
				E71FAFDF2AD5BABC003898C0 /* Navigation */,
				E733858B2AAA376E001B8858 /* Resourses */,
				E71873A92A39FBC300F9C49E /* Info.plist */,
			);
			path = AnimalCaretaker;
			sourceTree = "<group>";
		};
		E71FAFDF2AD5BABC003898C0 /* Navigation */ = {
			isa = PBXGroup;
			children = (
				E73385AB2AAB9B19001B8858 /* NavController.swift */,
				E733858D2AAA3902001B8858 /* TabBar.swift */,
			);
			path = Navigation;
			sourceTree = "<group>";
		};
		E73385882AAA3684001B8858 /* Screens */ = {
			isa = PBXGroup;
			children = (
				E73385952AAA4DCA001B8858 /* Main */,
				E73385A32AAA4E90001B8858 /* Сlose Image */,
				E73385972AAA4DE7001B8858 /* Profile */,
				E73385962AAA4DD6001B8858 /* New Image */,
				E71873D12A3A151300F9C49E /* ViewControllerProtocols.swift */,
			);
			path = Screens;
			sourceTree = "<group>";
		};
		E73385892AAA3696001B8858 /* Application */ = {
			isa = PBXGroup;
			children = (
				E718739B2A39FBC200F9C49E /* AppDelegate.swift */,
				E718739D2A39FBC200F9C49E /* SceneDelegate.swift */,
			);
			path = Application;
			sourceTree = "<group>";
		};
		E733858A2AAA36BA001B8858 /* UIConstants */ = {
			isa = PBXGroup;
			children = (
				E71873D32A3F534F00F9C49E /* ImageGifs.swift */,
				E73385AD2AAF4061001B8858 /* CustomColors.swift */,
				E73385B32AB06A3E001B8858 /* Erorrs.swift */,
				E7F8ADA72ABB72F400FF9148 /* TextField.swift */,
				E7F8ADA92ABB745100FF9148 /* ImageView.swift */,
				E7F8ADAD2ABCCE2600FF9148 /* Label.swift */,
				E7F8ADAF2ABCCF4300FF9148 /* SegmentControl.swift */,
				E7F8ADB12ABCD0F200FF9148 /* TableView.swift */,
				E7F8ADB52ABDC62000FF9148 /* Button.swift */,
				E71FAFDD2AD5B945003898C0 /* View.swift */,
			);
			path = UIConstants;
			sourceTree = "<group>";
		};
		E733858B2AAA376E001B8858 /* Resourses */ = {
			isa = PBXGroup;
			children = (
				E71873A62A39FBC300F9C49E /* LaunchScreen.storyboard */,
				E71873A42A39FBC300F9C49E /* Assets.xcassets */,
			);
			path = Resourses;
			sourceTree = "<group>";
		};
		E733858C2AAA3858001B8858 /* Service */ = {
			isa = PBXGroup;
			children = (
				E71873CF2A3A149E00F9C49E /* NetworkManager.swift */,
				E745EE642AB47562008246B7 /* LikeManager.swift */,
				E745EE662AB476BA008246B7 /* Model.xcdatamodeld */,
			);
			path = Service;
			sourceTree = "<group>";
		};
		E73385952AAA4DCA001B8858 /* Main */ = {
			isa = PBXGroup;
			children = (
				E73385A12AAA4E74001B8858 /* Model */,
				E73385A22AAA4E79001B8858 /* View */,
				E73385A02AAA4E6D001B8858 /* Controller */,
			);
			path = Main;
			sourceTree = "<group>";
		};
		E73385962AAA4DD6001B8858 /* New Image */ = {
			isa = PBXGroup;
			children = (
				E733859D2AAA4E51001B8858 /* Model */,
				E733859E2AAA4E57001B8858 /* View */,
				E733859F2AAA4E5C001B8858 /* Controller */,
			);
			path = "New Image";
			sourceTree = "<group>";
		};
		E73385972AAA4DE7001B8858 /* Profile */ = {
			isa = PBXGroup;
			children = (
				E733859C2AAA4E3D001B8858 /* Model */,
				E733859A2AAA4E2F001B8858 /* View */,
				E733859B2AAA4E35001B8858 /* Controller */,
			);
			path = Profile;
			sourceTree = "<group>";
		};
		E733859A2AAA4E2F001B8858 /* View */ = {
			isa = PBXGroup;
			children = (
				E7F8ADAB2ABB78F000FF9148 /* ProfileInfoView.swift */,
			);
			path = View;
			sourceTree = "<group>";
		};
		E733859B2AAA4E35001B8858 /* Controller */ = {
			isa = PBXGroup;
			children = (
				E73385982AAA4E1F001B8858 /* ProfileVC.swift */,
			);
			path = Controller;
			sourceTree = "<group>";
		};
		E733859C2AAA4E3D001B8858 /* Model */ = {
			isa = PBXGroup;
			children = (
				E7F8ADA52AB9E0C900FF9148 /* ProfileManager.swift */,
			);
			path = Model;
			sourceTree = "<group>";
		};
		E733859D2AAA4E51001B8858 /* Model */ = {
			isa = PBXGroup;
			children = (
			);
			path = Model;
			sourceTree = "<group>";
		};
		E733859E2AAA4E57001B8858 /* View */ = {
			isa = PBXGroup;
			children = (
			);
			path = View;
			sourceTree = "<group>";
		};
		E733859F2AAA4E5C001B8858 /* Controller */ = {
			isa = PBXGroup;
			children = (
				E73385932AAA4DC7001B8858 /* NewImageVC.swift */,
			);
			path = Controller;
			sourceTree = "<group>";
		};
		E73385A02AAA4E6D001B8858 /* Controller */ = {
			isa = PBXGroup;
			children = (
				E745EE622AB34394008246B7 /* MainVC.swift */,
			);
			path = Controller;
			sourceTree = "<group>";
		};
		E73385A12AAA4E74001B8858 /* Model */ = {
			isa = PBXGroup;
			children = (
				E73385A92AAB08AD001B8858 /* AnimalModel.swift */,
			);
			path = Model;
			sourceTree = "<group>";
		};
		E73385A22AAA4E79001B8858 /* View */ = {
			isa = PBXGroup;
			children = (
				E71873D52A4197CE00F9C49E /* AnimalCell.swift */,
			);
			path = View;
			sourceTree = "<group>";
		};
		E73385A32AAA4E90001B8858 /* Сlose Image */ = {
			isa = PBXGroup;
			children = (
				E73385A52AAA4EE1001B8858 /* Model */,
				E73385A42AAA4ED9001B8858 /* View */,
				E73385A62AAA4EE5001B8858 /* Controller */,
			);
			path = "Сlose Image";
			sourceTree = "<group>";
		};
		E73385A42AAA4ED9001B8858 /* View */ = {
			isa = PBXGroup;
			children = (
			);
			path = View;
			sourceTree = "<group>";
		};
		E73385A52AAA4EE1001B8858 /* Model */ = {
			isa = PBXGroup;
			children = (
			);
			path = Model;
			sourceTree = "<group>";
		};
		E73385A62AAA4EE5001B8858 /* Controller */ = {
			isa = PBXGroup;
			children = (
				E71873D72A435FF100F9C49E /* OneImageVC.swift */,
			);
			path = Controller;
			sourceTree = "<group>";
		};
/* End PBXGroup section */

/* Begin PBXNativeTarget section */
		E71873972A39FBC200F9C49E /* AnimalCaretaker */ = {
			isa = PBXNativeTarget;
			buildConfigurationList = E71873AC2A39FBC300F9C49E /* Build configuration list for PBXNativeTarget "AnimalCaretaker" */;
			buildPhases = (
				E71873942A39FBC200F9C49E /* Sources */,
				E71873952A39FBC200F9C49E /* Frameworks */,
				E71873962A39FBC200F9C49E /* Resources */,
			);
			buildRules = (
			);
			dependencies = (
			);
			name = AnimalCaretaker;
			productName = AnimalCaretaker;
			productReference = E71873982A39FBC200F9C49E /* AnimalCaretaker.app */;
			productType = "com.apple.product-type.application";
		};
/* End PBXNativeTarget section */

/* Begin PBXProject section */
		E71873902A39FBC200F9C49E /* Project object */ = {
			isa = PBXProject;
			attributes = {
				BuildIndependentTargetsInParallel = 1;
				LastSwiftUpdateCheck = 1430;
				LastUpgradeCheck = 1430;
				TargetAttributes = {
					E71873972A39FBC200F9C49E = {
						CreatedOnToolsVersion = 14.3.1;
					};
				};
			};
			buildConfigurationList = E71873932A39FBC200F9C49E /* Build configuration list for PBXProject "AnimalCaretaker" */;
			compatibilityVersion = "Xcode 14.0";
			developmentRegion = en;
			hasScannedForEncodings = 0;
			knownRegions = (
				en,
				Base,
			);
			mainGroup = E718738F2A39FBC200F9C49E;
			productRefGroup = E71873992A39FBC200F9C49E /* Products */;
			projectDirPath = "";
			projectRoot = "";
			targets = (
				E71873972A39FBC200F9C49E /* AnimalCaretaker */,
			);
		};
/* End PBXProject section */

/* Begin PBXResourcesBuildPhase section */
		E71873962A39FBC200F9C49E /* Resources */ = {
			isa = PBXResourcesBuildPhase;
			buildActionMask = 2147483647;
			files = (
				E71873A82A39FBC300F9C49E /* LaunchScreen.storyboard in Resources */,
				E71873A52A39FBC300F9C49E /* Assets.xcassets in Resources */,
			);
			runOnlyForDeploymentPostprocessing = 0;
		};
/* End PBXResourcesBuildPhase section */

/* Begin PBXSourcesBuildPhase section */
		E71873942A39FBC200F9C49E /* Sources */ = {
			isa = PBXSourcesBuildPhase;
			buildActionMask = 2147483647;
			files = (
				E745EE632AB34394008246B7 /* MainVC.swift in Sources */,
				E745EE652AB47562008246B7 /* LikeManager.swift in Sources */,
				E7F8ADA82ABB72F400FF9148 /* TextField.swift in Sources */,
				E73385992AAA4E1F001B8858 /* ProfileVC.swift in Sources */,
				E71873D22A3A151300F9C49E /* ViewControllerProtocols.swift in Sources */,
				E7F8ADB22ABCD0F200FF9148 /* TableView.swift in Sources */,
				E73385B42AB06A3E001B8858 /* Erorrs.swift in Sources */,
				E733858E2AAA3902001B8858 /* TabBar.swift in Sources */,
				E73385AC2AAB9B19001B8858 /* NavController.swift in Sources */,
				E71873D82A435FF100F9C49E /* OneImageVC.swift in Sources */,
				E718739C2A39FBC200F9C49E /* AppDelegate.swift in Sources */,
				E7F8ADB02ABCCF4300FF9148 /* SegmentControl.swift in Sources */,
				E7F8ADAE2ABCCE2600FF9148 /* Label.swift in Sources */,
				E71FAFDE2AD5B945003898C0 /* View.swift in Sources */,
				E73385942AAA4DC7001B8858 /* NewImageVC.swift in Sources */,
				E7F8ADB62ABDC62000FF9148 /* Button.swift in Sources */,
				E7F8ADAA2ABB745100FF9148 /* ImageView.swift in Sources */,
				E73385AE2AAF4061001B8858 /* CustomColors.swift in Sources */,
				E7F8ADAC2ABB78F000FF9148 /* ProfileInfoView.swift in Sources */,
				E71873D02A3A149E00F9C49E /* NetworkManager.swift in Sources */,
				E71873D42A3F534F00F9C49E /* ImageGifs.swift in Sources */,
				E718739E2A39FBC200F9C49E /* SceneDelegate.swift in Sources */,
				E71873D62A4197CE00F9C49E /* AnimalCell.swift in Sources */,
				E745EE682AB476BA008246B7 /* Model.xcdatamodeld in Sources */,
				E73385AA2AAB08AD001B8858 /* AnimalModel.swift in Sources */,
				E7F8ADA62AB9E0C900FF9148 /* ProfileManager.swift in Sources */,
			);
			runOnlyForDeploymentPostprocessing = 0;
		};
/* End PBXSourcesBuildPhase section */

/* Begin PBXVariantGroup section */
		E71873A62A39FBC300F9C49E /* LaunchScreen.storyboard */ = {
			isa = PBXVariantGroup;
			children = (
				E71873A72A39FBC300F9C49E /* Base */,
			);
			name = LaunchScreen.storyboard;
			sourceTree = "<group>";
		};
/* End PBXVariantGroup section */

/* Begin XCBuildConfiguration section */
		E71873AA2A39FBC300F9C49E /* Debug */ = {
			isa = XCBuildConfiguration;
			buildSettings = {
				ALWAYS_SEARCH_USER_PATHS = NO;
				CLANG_ANALYZER_NONNULL = YES;
				CLANG_ANALYZER_NUMBER_OBJECT_CONVERSION = YES_AGGRESSIVE;
				CLANG_CXX_LANGUAGE_STANDARD = "gnu++20";
				CLANG_ENABLE_MODULES = YES;
				CLANG_ENABLE_OBJC_ARC = YES;
				CLANG_ENABLE_OBJC_WEAK = YES;
				CLANG_WARN_BLOCK_CAPTURE_AUTORELEASING = YES;
				CLANG_WARN_BOOL_CONVERSION = YES;
				CLANG_WARN_COMMA = YES;
				CLANG_WARN_CONSTANT_CONVERSION = YES;
				CLANG_WARN_DEPRECATED_OBJC_IMPLEMENTATIONS = YES;
				CLANG_WARN_DIRECT_OBJC_ISA_USAGE = YES_ERROR;
				CLANG_WARN_DOCUMENTATION_COMMENTS = YES;
				CLANG_WARN_EMPTY_BODY = YES;
				CLANG_WARN_ENUM_CONVERSION = YES;
				CLANG_WARN_INFINITE_RECURSION = YES;
				CLANG_WARN_INT_CONVERSION = YES;
				CLANG_WARN_NON_LITERAL_NULL_CONVERSION = YES;
				CLANG_WARN_OBJC_IMPLICIT_RETAIN_SELF = YES;
				CLANG_WARN_OBJC_LITERAL_CONVERSION = YES;
				CLANG_WARN_OBJC_ROOT_CLASS = YES_ERROR;
				CLANG_WARN_QUOTED_INCLUDE_IN_FRAMEWORK_HEADER = YES;
				CLANG_WARN_RANGE_LOOP_ANALYSIS = YES;
				CLANG_WARN_STRICT_PROTOTYPES = YES;
				CLANG_WARN_SUSPICIOUS_MOVE = YES;
				CLANG_WARN_UNGUARDED_AVAILABILITY = YES_AGGRESSIVE;
				CLANG_WARN_UNREACHABLE_CODE = YES;
				CLANG_WARN__DUPLICATE_METHOD_MATCH = YES;
				COPY_PHASE_STRIP = NO;
				DEBUG_INFORMATION_FORMAT = dwarf;
				ENABLE_STRICT_OBJC_MSGSEND = YES;
				ENABLE_TESTABILITY = YES;
				GCC_C_LANGUAGE_STANDARD = gnu11;
				GCC_DYNAMIC_NO_PIC = NO;
				GCC_NO_COMMON_BLOCKS = YES;
				GCC_OPTIMIZATION_LEVEL = 0;
				GCC_PREPROCESSOR_DEFINITIONS = (
					"DEBUG=1",
					"$(inherited)",
				);
				GCC_WARN_64_TO_32_BIT_CONVERSION = YES;
				GCC_WARN_ABOUT_RETURN_TYPE = YES_ERROR;
				GCC_WARN_UNDECLARED_SELECTOR = YES;
				GCC_WARN_UNINITIALIZED_AUTOS = YES_AGGRESSIVE;
				GCC_WARN_UNUSED_FUNCTION = YES;
				GCC_WARN_UNUSED_VARIABLE = YES;
				IPHONEOS_DEPLOYMENT_TARGET = 16.4;
				MTL_ENABLE_DEBUG_INFO = INCLUDE_SOURCE;
				MTL_FAST_MATH = YES;
				ONLY_ACTIVE_ARCH = YES;
				SDKROOT = iphoneos;
				SWIFT_ACTIVE_COMPILATION_CONDITIONS = DEBUG;
				SWIFT_OPTIMIZATION_LEVEL = "-Onone";
			};
			name = Debug;
		};
		E71873AB2A39FBC300F9C49E /* Release */ = {
			isa = XCBuildConfiguration;
			buildSettings = {
				ALWAYS_SEARCH_USER_PATHS = NO;
				CLANG_ANALYZER_NONNULL = YES;
				CLANG_ANALYZER_NUMBER_OBJECT_CONVERSION = YES_AGGRESSIVE;
				CLANG_CXX_LANGUAGE_STANDARD = "gnu++20";
				CLANG_ENABLE_MODULES = YES;
				CLANG_ENABLE_OBJC_ARC = YES;
				CLANG_ENABLE_OBJC_WEAK = YES;
				CLANG_WARN_BLOCK_CAPTURE_AUTORELEASING = YES;
				CLANG_WARN_BOOL_CONVERSION = YES;
				CLANG_WARN_COMMA = YES;
				CLANG_WARN_CONSTANT_CONVERSION = YES;
				CLANG_WARN_DEPRECATED_OBJC_IMPLEMENTATIONS = YES;
				CLANG_WARN_DIRECT_OBJC_ISA_USAGE = YES_ERROR;
				CLANG_WARN_DOCUMENTATION_COMMENTS = YES;
				CLANG_WARN_EMPTY_BODY = YES;
				CLANG_WARN_ENUM_CONVERSION = YES;
				CLANG_WARN_INFINITE_RECURSION = YES;
				CLANG_WARN_INT_CONVERSION = YES;
				CLANG_WARN_NON_LITERAL_NULL_CONVERSION = YES;
				CLANG_WARN_OBJC_IMPLICIT_RETAIN_SELF = YES;
				CLANG_WARN_OBJC_LITERAL_CONVERSION = YES;
				CLANG_WARN_OBJC_ROOT_CLASS = YES_ERROR;
				CLANG_WARN_QUOTED_INCLUDE_IN_FRAMEWORK_HEADER = YES;
				CLANG_WARN_RANGE_LOOP_ANALYSIS = YES;
				CLANG_WARN_STRICT_PROTOTYPES = YES;
				CLANG_WARN_SUSPICIOUS_MOVE = YES;
				CLANG_WARN_UNGUARDED_AVAILABILITY = YES_AGGRESSIVE;
				CLANG_WARN_UNREACHABLE_CODE = YES;
				CLANG_WARN__DUPLICATE_METHOD_MATCH = YES;
				COPY_PHASE_STRIP = NO;
				DEBUG_INFORMATION_FORMAT = "dwarf-with-dsym";
				ENABLE_NS_ASSERTIONS = NO;
				ENABLE_STRICT_OBJC_MSGSEND = YES;
				GCC_C_LANGUAGE_STANDARD = gnu11;
				GCC_NO_COMMON_BLOCKS = YES;
				GCC_WARN_64_TO_32_BIT_CONVERSION = YES;
				GCC_WARN_ABOUT_RETURN_TYPE = YES_ERROR;
				GCC_WARN_UNDECLARED_SELECTOR = YES;
				GCC_WARN_UNINITIALIZED_AUTOS = YES_AGGRESSIVE;
				GCC_WARN_UNUSED_FUNCTION = YES;
				GCC_WARN_UNUSED_VARIABLE = YES;
				IPHONEOS_DEPLOYMENT_TARGET = 16.4;
				MTL_ENABLE_DEBUG_INFO = NO;
				MTL_FAST_MATH = YES;
				SDKROOT = iphoneos;
				SWIFT_COMPILATION_MODE = wholemodule;
				SWIFT_OPTIMIZATION_LEVEL = "-O";
				VALIDATE_PRODUCT = YES;
			};
			name = Release;
		};
		E71873AD2A39FBC300F9C49E /* Debug */ = {
			isa = XCBuildConfiguration;
			buildSettings = {
				ASSETCATALOG_COMPILER_APPICON_NAME = AppIcon;
				ASSETCATALOG_COMPILER_GLOBAL_ACCENT_COLOR_NAME = AccentColor;
				CODE_SIGN_STYLE = Automatic;
				CURRENT_PROJECT_VERSION = 1;
				DEVELOPMENT_TEAM = KY758VGLM7;
				GENERATE_INFOPLIST_FILE = YES;
				INFOPLIST_FILE = AnimalCaretaker/Info.plist;
				INFOPLIST_KEY_LSApplicationCategoryType = "public.app-category.entertainment";
				INFOPLIST_KEY_UIApplicationSupportsIndirectInputEvents = YES;
				INFOPLIST_KEY_UILaunchStoryboardName = LaunchScreen.storyboard;
				INFOPLIST_KEY_UISupportedInterfaceOrientations = UIInterfaceOrientationPortrait;
				IPHONEOS_DEPLOYMENT_TARGET = 14.0;
				LD_RUNPATH_SEARCH_PATHS = (
					"$(inherited)",
					"@executable_path/Frameworks",
				);
				MARKETING_VERSION = 1.0;
				PRODUCT_BUNDLE_IDENTIFIER = vtagilov.AnimalCaretaker;
				PRODUCT_NAME = "$(TARGET_NAME)";
				SWIFT_EMIT_LOC_STRINGS = YES;
				SWIFT_VERSION = 5.0;
				TARGETED_DEVICE_FAMILY = "1,2";
			};
			name = Debug;
		};
		E71873AE2A39FBC300F9C49E /* Release */ = {
			isa = XCBuildConfiguration;
			buildSettings = {
				ASSETCATALOG_COMPILER_APPICON_NAME = AppIcon;
				ASSETCATALOG_COMPILER_GLOBAL_ACCENT_COLOR_NAME = AccentColor;
				CODE_SIGN_STYLE = Automatic;
				CURRENT_PROJECT_VERSION = 1;
				DEVELOPMENT_TEAM = KY758VGLM7;
				GENERATE_INFOPLIST_FILE = YES;
				INFOPLIST_FILE = AnimalCaretaker/Info.plist;
				INFOPLIST_KEY_LSApplicationCategoryType = "public.app-category.entertainment";
				INFOPLIST_KEY_UIApplicationSupportsIndirectInputEvents = YES;
				INFOPLIST_KEY_UILaunchStoryboardName = LaunchScreen.storyboard;
				INFOPLIST_KEY_UISupportedInterfaceOrientations = UIInterfaceOrientationPortrait;
				IPHONEOS_DEPLOYMENT_TARGET = 14.0;
				LD_RUNPATH_SEARCH_PATHS = (
					"$(inherited)",
					"@executable_path/Frameworks",
				);
				MARKETING_VERSION = 1.0;
				PRODUCT_BUNDLE_IDENTIFIER = vtagilov.AnimalCaretaker;
				PRODUCT_NAME = "$(TARGET_NAME)";
				SWIFT_EMIT_LOC_STRINGS = YES;
				SWIFT_VERSION = 5.0;
				TARGETED_DEVICE_FAMILY = "1,2";
			};
			name = Release;
		};
/* End XCBuildConfiguration section */

/* Begin XCConfigurationList section */
		E71873932A39FBC200F9C49E /* Build configuration list for PBXProject "AnimalCaretaker" */ = {
			isa = XCConfigurationList;
			buildConfigurations = (
				E71873AA2A39FBC300F9C49E /* Debug */,
				E71873AB2A39FBC300F9C49E /* Release */,
			);
			defaultConfigurationIsVisible = 0;
			defaultConfigurationName = Release;
		};
		E71873AC2A39FBC300F9C49E /* Build configuration list for PBXNativeTarget "AnimalCaretaker" */ = {
			isa = XCConfigurationList;
			buildConfigurations = (
				E71873AD2A39FBC300F9C49E /* Debug */,
				E71873AE2A39FBC300F9C49E /* Release */,
			);
			defaultConfigurationIsVisible = 0;
			defaultConfigurationName = Release;
		};
/* End XCConfigurationList section */

/* Begin XCVersionGroup section */
		E745EE662AB476BA008246B7 /* Model.xcdatamodeld */ = {
			isa = XCVersionGroup;
			children = (
				E745EE672AB476BA008246B7 /* Model.xcdatamodel */,
			);
			currentVersion = E745EE672AB476BA008246B7 /* Model.xcdatamodel */;
			path = Model.xcdatamodeld;
			sourceTree = "<group>";
			versionGroupType = wrapper.xcdatamodel;
		};
/* End XCVersionGroup section */
	};
	rootObject = E71873902A39FBC200F9C49E /* Project object */;
}
